schema: '2.0'
stages:
  parse_raw_data:
    cmd: python src/parse_raw_data.py
    deps:
    - path: raw_data/
      md5: e509bcbd262d2c69605c4f29275dde4b.dir
      size: 294108
      nfiles: 4
    - path: src/parse_raw_data.py
      md5: e92f15d178b7081b19f7c82c686d47e6
      size: 908
    outs:
    - path: data/
      md5: fa5a7e1d9a9a70846b7d7a6f6e51ecfd.dir
      size: 28853
      nfiles: 4
  compute_features:
    cmd: python src/compute_features.py
    deps:
    - path: data/
      md5: fa5a7e1d9a9a70846b7d7a6f6e51ecfd.dir
      size: 28853
      nfiles: 4
    - path: src/compute_features.py
      md5: 76c8593b9384b601b58f2b39418b19a6
      size: 778
    params:
      params.yaml:
        features.list:
        - Mean
        - Std
    outs:
    - path: features/
      md5: cdef00d40e6e74e2da1e5b6cbdab794b.dir
      size: 272
      nfiles: 1
  train_model:
    cmd: python src/train_classifier.py
    deps:
    - path: features/
      md5: cdef00d40e6e74e2da1e5b6cbdab794b.dir
      size: 272
      nfiles: 1
    - path: src/train_classifier.py
      md5: f8a10eb4f494ef4096452d9e03d30d3e
      size: 957
    params:
      params.yaml:
        train.criterion: gini
        train.max_depth: 10
    outs:
    - path: models/
      md5: aaaef383f54f5bb6be35506803251da7.dir
      size: 1370
      nfiles: 1
  evaluate_model:
    cmd: python src/evaluate_classifier.py
    deps:
    - path: features/
      md5: cdef00d40e6e74e2da1e5b6cbdab794b.dir
      size: 272
      nfiles: 1
    - path: models/
      md5: aaaef383f54f5bb6be35506803251da7.dir
      size: 1370
      nfiles: 1
    - path: src/evaluate_classifier.py
      md5: c69a907f6920059bc07bc9b8d061dce7
      size: 376
    outs:
    - path: metrics.json
      md5: 3329ba1a6b18407f725a1e25a5500560
      size: 17
